// !$*UTF8*$!
{
	archiveVersion = 1;
	classes = {
	};
	objectVersion = 56;
	objects = {

/* Begin PBXBuildFile section */
		9F3590B02C104C6B0079DFEA /* SubscriptionEdit.swift in Sources */ = {isa = PBXBuildFile; fileRef = 9F3590AF2C104C6B0079DFEA /* SubscriptionEdit.swift */; };
		9F3D766A2C12B19F003A5FF8 /* SubscriptionList.swift in Sources */ = {isa = PBXBuildFile; fileRef = 9F3D76692C12B19F003A5FF8 /* SubscriptionList.swift */; };
		9F3D766C2C12B1BD003A5FF8 /* CustomCategoryList.swift in Sources */ = {isa = PBXBuildFile; fileRef = 9F3D766B2C12B1BD003A5FF8 /* CustomCategoryList.swift */; };
		9F3D766E2C12B1CF003A5FF8 /* PaymentList.swift in Sources */ = {isa = PBXBuildFile; fileRef = 9F3D766D2C12B1CF003A5FF8 /* PaymentList.swift */; };
		9F4186422C16826300C4E643 /* MainTabView.swift in Sources */ = {isa = PBXBuildFile; fileRef = 9F4186412C16826300C4E643 /* MainTabView.swift */; };
		9F4186472C16ACE100C4E643 /* SettingsPage.swift in Sources */ = {isa = PBXBuildFile; fileRef = 9F4186462C16ACE100C4E643 /* SettingsPage.swift */; };
		9F4186492C16C04B00C4E643 /* CategoriesEdit.swift in Sources */ = {isa = PBXBuildFile; fileRef = 9F4186482C16C04B00C4E643 /* CategoriesEdit.swift */; };
		9F41864C2C16C06200C4E643 /* PaymentsEdit.swift in Sources */ = {isa = PBXBuildFile; fileRef = 9F41864B2C16C06200C4E643 /* PaymentsEdit.swift */; };
		9F42EE552BFF03350072A6E9 /* SubscriptionDetail.swift in Sources */ = {isa = PBXBuildFile; fileRef = 9F42EE542BFF03350072A6E9 /* SubscriptionDetail.swift */; };
		9F42EE5B2BFF6B3E0072A6E9 /* CustomCategoryData.json in Resources */ = {isa = PBXBuildFile; fileRef = 9F42EE5A2BFF6B3E0072A6E9 /* CustomCategoryData.json */; };
		9F42EE5D2BFF6B7C0072A6E9 /* PaymentData.json in Resources */ = {isa = PBXBuildFile; fileRef = 9F42EE5C2BFF6B7C0072A6E9 /* PaymentData.json */; };
		9F5E4A912C1C1E46002E3BD2 /* PersistenceController.swift in Sources */ = {isa = PBXBuildFile; fileRef = 9F5E4A902C1C1E46002E3BD2 /* PersistenceController.swift */; };
		9F5E4A972C1C2D28002E3BD2 /* SubscriptionDataModel.xcdatamodeld in Sources */ = {isa = PBXBuildFile; fileRef = 9F5E4A952C1C2D28002E3BD2 /* SubscriptionDataModel.xcdatamodeld */; };
		9F6D97052BFFA087004CFE30 /* SubscriptionAdd.swift in Sources */ = {isa = PBXBuildFile; fileRef = 9F6D97042BFFA087004CFE30 /* SubscriptionAdd.swift */; };
		9FB9A7F92BFE171D00DAACBB /* Subscription_Fee_ManagementApp.swift in Sources */ = {isa = PBXBuildFile; fileRef = 9FB9A7F82BFE171D00DAACBB /* Subscription_Fee_ManagementApp.swift */; };
		9FB9A7FB2BFE171D00DAACBB /* SubscriptionPage.swift in Sources */ = {isa = PBXBuildFile; fileRef = 9FB9A7FA2BFE171D00DAACBB /* SubscriptionPage.swift */; };
		9FB9A7FD2BFE171F00DAACBB /* Assets.xcassets in Resources */ = {isa = PBXBuildFile; fileRef = 9FB9A7FC2BFE171F00DAACBB /* Assets.xcassets */; };
		9FB9A8002BFE171F00DAACBB /* Preview Assets.xcassets in Resources */ = {isa = PBXBuildFile; fileRef = 9FB9A7FF2BFE171F00DAACBB /* Preview Assets.xcassets */; };
		9FB9A80C2BFE3B0300DAACBB /* Subscription.swift in Sources */ = {isa = PBXBuildFile; fileRef = 9FB9A80B2BFE3B0300DAACBB /* Subscription.swift */; };
		9FB9A80E2BFE3D6A00DAACBB /* CustomCategory.swift in Sources */ = {isa = PBXBuildFile; fileRef = 9FB9A80D2BFE3D6A00DAACBB /* CustomCategory.swift */; };
		9FB9A8102BFE3DB400DAACBB /* Payment.swift in Sources */ = {isa = PBXBuildFile; fileRef = 9FB9A80F2BFE3DB400DAACBB /* Payment.swift */; };
		9FB9A81D2BFE579800DAACBB /* BundleExtension.swift in Sources */ = {isa = PBXBuildFile; fileRef = 9FB9A81C2BFE579800DAACBB /* BundleExtension.swift */; };
		9FDE9FD42C1EAD1C008AA5C6 /* ExpenditurePage.swift in Sources */ = {isa = PBXBuildFile; fileRef = 9FDE9FD32C1EAD1C008AA5C6 /* ExpenditurePage.swift */; };
		9FDE9FD82C20E25C008AA5C6 /* DateExtension.swift in Sources */ = {isa = PBXBuildFile; fileRef = 9FDE9FD72C20E25C008AA5C6 /* DateExtension.swift */; };
		9FE4AD542BFE6890004109C5 /* SubscriptionData.json in Resources */ = {isa = PBXBuildFile; fileRef = 9FB9A8192BFE552B00DAACBB /* SubscriptionData.json */; };
/* End PBXBuildFile section */

/* Begin PBXFileReference section */
		9F3590AF2C104C6B0079DFEA /* SubscriptionEdit.swift */ = {isa = PBXFileReference; lastKnownFileType = sourcecode.swift; path = SubscriptionEdit.swift; sourceTree = "<group>"; };
		9F3D76692C12B19F003A5FF8 /* SubscriptionList.swift */ = {isa = PBXFileReference; lastKnownFileType = sourcecode.swift; path = SubscriptionList.swift; sourceTree = "<group>"; };
		9F3D766B2C12B1BD003A5FF8 /* CustomCategoryList.swift */ = {isa = PBXFileReference; lastKnownFileType = sourcecode.swift; path = CustomCategoryList.swift; sourceTree = "<group>"; };
		9F3D766D2C12B1CF003A5FF8 /* PaymentList.swift */ = {isa = PBXFileReference; lastKnownFileType = sourcecode.swift; path = PaymentList.swift; sourceTree = "<group>"; };
		9F4186412C16826300C4E643 /* MainTabView.swift */ = {isa = PBXFileReference; lastKnownFileType = sourcecode.swift; path = MainTabView.swift; sourceTree = "<group>"; };
		9F4186462C16ACE100C4E643 /* SettingsPage.swift */ = {isa = PBXFileReference; lastKnownFileType = sourcecode.swift; path = SettingsPage.swift; sourceTree = "<group>"; };
		9F4186482C16C04B00C4E643 /* CategoriesEdit.swift */ = {isa = PBXFileReference; lastKnownFileType = sourcecode.swift; path = CategoriesEdit.swift; sourceTree = "<group>"; };
		9F41864B2C16C06200C4E643 /* PaymentsEdit.swift */ = {isa = PBXFileReference; lastKnownFileType = sourcecode.swift; path = PaymentsEdit.swift; sourceTree = "<group>"; };
		9F42EE542BFF03350072A6E9 /* SubscriptionDetail.swift */ = {isa = PBXFileReference; lastKnownFileType = sourcecode.swift; path = SubscriptionDetail.swift; sourceTree = "<group>"; };
		9F42EE5A2BFF6B3E0072A6E9 /* CustomCategoryData.json */ = {isa = PBXFileReference; lastKnownFileType = text.json; path = CustomCategoryData.json; sourceTree = "<group>"; };
		9F42EE5C2BFF6B7C0072A6E9 /* PaymentData.json */ = {isa = PBXFileReference; lastKnownFileType = text.json; path = PaymentData.json; sourceTree = "<group>"; };
		9F5E4A902C1C1E46002E3BD2 /* PersistenceController.swift */ = {isa = PBXFileReference; lastKnownFileType = sourcecode.swift; path = PersistenceController.swift; sourceTree = "<group>"; };
		9F5E4A962C1C2D28002E3BD2 /* SubscriptionDataModel.xcdatamodel */ = {isa = PBXFileReference; lastKnownFileType = wrapper.xcdatamodel; path = SubscriptionDataModel.xcdatamodel; sourceTree = "<group>"; };
		9F6D97042BFFA087004CFE30 /* SubscriptionAdd.swift */ = {isa = PBXFileReference; lastKnownFileType = sourcecode.swift; path = SubscriptionAdd.swift; sourceTree = "<group>"; };
		9FB9A7F52BFE171D00DAACBB /* Subscription Fee Management.app */ = {isa = PBXFileReference; explicitFileType = wrapper.application; includeInIndex = 0; path = "Subscription Fee Management.app"; sourceTree = BUILT_PRODUCTS_DIR; };
		9FB9A7F82BFE171D00DAACBB /* Subscription_Fee_ManagementApp.swift */ = {isa = PBXFileReference; lastKnownFileType = sourcecode.swift; path = Subscription_Fee_ManagementApp.swift; sourceTree = "<group>"; };
		9FB9A7FA2BFE171D00DAACBB /* SubscriptionPage.swift */ = {isa = PBXFileReference; lastKnownFileType = sourcecode.swift; path = SubscriptionPage.swift; sourceTree = "<group>"; };
		9FB9A7FC2BFE171F00DAACBB /* Assets.xcassets */ = {isa = PBXFileReference; lastKnownFileType = folder.assetcatalog; path = Assets.xcassets; sourceTree = "<group>"; };
		9FB9A7FF2BFE171F00DAACBB /* Preview Assets.xcassets */ = {isa = PBXFileReference; lastKnownFileType = folder.assetcatalog; path = "Preview Assets.xcassets"; sourceTree = "<group>"; };
		9FB9A80B2BFE3B0300DAACBB /* Subscription.swift */ = {isa = PBXFileReference; lastKnownFileType = sourcecode.swift; path = Subscription.swift; sourceTree = "<group>"; };
		9FB9A80D2BFE3D6A00DAACBB /* CustomCategory.swift */ = {isa = PBXFileReference; lastKnownFileType = sourcecode.swift; path = CustomCategory.swift; sourceTree = "<group>"; };
		9FB9A80F2BFE3DB400DAACBB /* Payment.swift */ = {isa = PBXFileReference; lastKnownFileType = sourcecode.swift; path = Payment.swift; sourceTree = "<group>"; };
		9FB9A8192BFE552B00DAACBB /* SubscriptionData.json */ = {isa = PBXFileReference; lastKnownFileType = text.json; name = SubscriptionData.json; path = "Subscription Fee Management/Resources/SubscriptionData.json"; sourceTree = SOURCE_ROOT; };
		9FB9A81C2BFE579800DAACBB /* BundleExtension.swift */ = {isa = PBXFileReference; lastKnownFileType = sourcecode.swift; path = BundleExtension.swift; sourceTree = "<group>"; };
		9FDE9FD32C1EAD1C008AA5C6 /* ExpenditurePage.swift */ = {isa = PBXFileReference; lastKnownFileType = sourcecode.swift; path = ExpenditurePage.swift; sourceTree = "<group>"; };
		9FDE9FD72C20E25C008AA5C6 /* DateExtension.swift */ = {isa = PBXFileReference; lastKnownFileType = sourcecode.swift; path = DateExtension.swift; sourceTree = "<group>"; };
/* End PBXFileReference section */

/* Begin PBXFrameworksBuildPhase section */
		9FB9A7F22BFE171D00DAACBB /* Frameworks */ = {
			isa = PBXFrameworksBuildPhase;
			buildActionMask = 2147483647;
			files = (
			);
			runOnlyForDeploymentPostprocessing = 0;
		};
/* End PBXFrameworksBuildPhase section */

/* Begin PBXGroup section */
		9F3D76682C12B106003A5FF8 /* ViewModel */ = {
			isa = PBXGroup;
			children = (
				9F3D76692C12B19F003A5FF8 /* SubscriptionList.swift */,
				9F3D766B2C12B1BD003A5FF8 /* CustomCategoryList.swift */,
				9F3D766D2C12B1CF003A5FF8 /* PaymentList.swift */,
			);
			path = ViewModel;
			sourceTree = "<group>";
		};
		9F4186402C16824800C4E643 /* Subscription */ = {
			isa = PBXGroup;
			children = (
				9FB9A7FA2BFE171D00DAACBB /* SubscriptionPage.swift */,
				9F6D97042BFFA087004CFE30 /* SubscriptionAdd.swift */,
				9F3590AF2C104C6B0079DFEA /* SubscriptionEdit.swift */,
				9F42EE542BFF03350072A6E9 /* SubscriptionDetail.swift */,
			);
			path = Subscription;
			sourceTree = "<group>";
		};
		9F4186452C16ACC300C4E643 /* Settings */ = {
			isa = PBXGroup;
			children = (
				9F4186462C16ACE100C4E643 /* SettingsPage.swift */,
				9F41864B2C16C06200C4E643 /* PaymentsEdit.swift */,
				9F4186482C16C04B00C4E643 /* CategoriesEdit.swift */,
			);
			path = Settings;
			sourceTree = "<group>";
		};
		9FB9A7EC2BFE171D00DAACBB = {
			isa = PBXGroup;
			children = (
				9FB9A7F72BFE171D00DAACBB /* Subscription Fee Management */,
				9FB9A7F62BFE171D00DAACBB /* Products */,
			);
			sourceTree = "<group>";
		};
		9FB9A7F62BFE171D00DAACBB /* Products */ = {
			isa = PBXGroup;
			children = (
				9FB9A7F52BFE171D00DAACBB /* Subscription Fee Management.app */,
			);
			name = Products;
			sourceTree = "<group>";
		};
		9FB9A7F72BFE171D00DAACBB /* Subscription Fee Management */ = {
			isa = PBXGroup;
			children = (
				9FB9A8062BFE176700DAACBB /* Source */,
				9FB9A8072BFE177000DAACBB /* Resources */,
				9FB9A7FE2BFE171F00DAACBB /* Preview Content */,
			);
			path = "Subscription Fee Management";
			sourceTree = "<group>";
		};
		9FB9A7FE2BFE171F00DAACBB /* Preview Content */ = {
			isa = PBXGroup;
			children = (
				9FB9A7FF2BFE171F00DAACBB /* Preview Assets.xcassets */,
			);
			path = "Preview Content";
			sourceTree = "<group>";
		};
		9FB9A8062BFE176700DAACBB /* Source */ = {
			isa = PBXGroup;
			children = (
				9FB9A8082BFE358300DAACBB /* Application */,
				9FB9A8092BFE35B200DAACBB /* User Interface */,
				9FB9A80A2BFE36A200DAACBB /* Model */,
				9F3D76682C12B106003A5FF8 /* ViewModel */,
				9FB9A81A2BFE577200DAACBB /* Helper */,
			);
			path = Source;
			sourceTree = "<group>";
		};
		9FB9A8072BFE177000DAACBB /* Resources */ = {
			isa = PBXGroup;
			children = (
				9FB9A8192BFE552B00DAACBB /* SubscriptionData.json */,
				9F42EE5A2BFF6B3E0072A6E9 /* CustomCategoryData.json */,
				9F42EE5C2BFF6B7C0072A6E9 /* PaymentData.json */,
				9F5E4A952C1C2D28002E3BD2 /* SubscriptionDataModel.xcdatamodeld */,
				9FB9A7FC2BFE171F00DAACBB /* Assets.xcassets */,
			);
			path = Resources;
			sourceTree = "<group>";
		};
		9FB9A8082BFE358300DAACBB /* Application */ = {
			isa = PBXGroup;
			children = (
				9FB9A7F82BFE171D00DAACBB /* Subscription_Fee_ManagementApp.swift */,
			);
			path = Application;
			sourceTree = "<group>";
		};
		9FB9A8092BFE35B200DAACBB /* User Interface */ = {
			isa = PBXGroup;
			children = (
				9F4186412C16826300C4E643 /* MainTabView.swift */,
				9FDE9FD22C1EAD07008AA5C6 /* Expenditure */,
				9F4186402C16824800C4E643 /* Subscription */,
				9F4186452C16ACC300C4E643 /* Settings */,
			);
			path = "User Interface";
			sourceTree = "<group>";
		};
		9FB9A80A2BFE36A200DAACBB /* Model */ = {
			isa = PBXGroup;
			children = (
				9FB9A80B2BFE3B0300DAACBB /* Subscription.swift */,
				9FB9A80D2BFE3D6A00DAACBB /* CustomCategory.swift */,
				9FB9A80F2BFE3DB400DAACBB /* Payment.swift */,
			);
			path = Model;
			sourceTree = "<group>";
		};
		9FB9A81A2BFE577200DAACBB /* Helper */ = {
			isa = PBXGroup;
			children = (
				9FB9A81B2BFE577800DAACBB /* Extension */,
				9F5E4A902C1C1E46002E3BD2 /* PersistenceController.swift */,
			);
			path = Helper;
			sourceTree = "<group>";
		};
		9FB9A81B2BFE577800DAACBB /* Extension */ = {
			isa = PBXGroup;
			children = (
				9FB9A81C2BFE579800DAACBB /* BundleExtension.swift */,
				9FDE9FD72C20E25C008AA5C6 /* DateExtension.swift */,
			);
			path = Extension;
			sourceTree = "<group>";
		};
		9FDE9FD22C1EAD07008AA5C6 /* Expenditure */ = {
			isa = PBXGroup;
			children = (
				9FDE9FD32C1EAD1C008AA5C6 /* ExpenditurePage.swift */,
			);
			path = Expenditure;
			sourceTree = "<group>";
		};
/* End PBXGroup section */

/* Begin PBXNativeTarget section */
		9FB9A7F42BFE171D00DAACBB /* Subscription Fee Management */ = {
			isa = PBXNativeTarget;
			buildConfigurationList = 9FB9A8032BFE171F00DAACBB /* Build configuration list for PBXNativeTarget "Subscription Fee Management" */;
			buildPhases = (
				9FB9A7F12BFE171D00DAACBB /* Sources */,
				9FB9A7F22BFE171D00DAACBB /* Frameworks */,
				9FB9A7F32BFE171D00DAACBB /* Resources */,
			);
			buildRules = (
			);
			dependencies = (
			);
			name = "Subscription Fee Management";
			productName = "Subscription Fee Management";
			productReference = 9FB9A7F52BFE171D00DAACBB /* Subscription Fee Management.app */;
			productType = "com.apple.product-type.application";
		};
/* End PBXNativeTarget section */

/* Begin PBXProject section */
		9FB9A7ED2BFE171D00DAACBB /* Project object */ = {
			isa = PBXProject;
			attributes = {
				BuildIndependentTargetsInParallel = 1;
				LastSwiftUpdateCheck = 1530;
				LastUpgradeCheck = 1530;
				TargetAttributes = {
					9FB9A7F42BFE171D00DAACBB = {
						CreatedOnToolsVersion = 15.3;
					};
				};
			};
			buildConfigurationList = 9FB9A7F02BFE171D00DAACBB /* Build configuration list for PBXProject "Subscription Fee Management" */;
			compatibilityVersion = "Xcode 14.0";
			developmentRegion = en;
			hasScannedForEncodings = 0;
			knownRegions = (
				en,
				Base,
			);
			mainGroup = 9FB9A7EC2BFE171D00DAACBB;
			productRefGroup = 9FB9A7F62BFE171D00DAACBB /* Products */;
			projectDirPath = "";
			projectRoot = "";
			targets = (
				9FB9A7F42BFE171D00DAACBB /* Subscription Fee Management */,
			);
		};
/* End PBXProject section */

/* Begin PBXResourcesBuildPhase section */
		9FB9A7F32BFE171D00DAACBB /* Resources */ = {
			isa = PBXResourcesBuildPhase;
			buildActionMask = 2147483647;
			files = (
				9F42EE5D2BFF6B7C0072A6E9 /* PaymentData.json in Resources */,
				9FE4AD542BFE6890004109C5 /* SubscriptionData.json in Resources */,
				9F42EE5B2BFF6B3E0072A6E9 /* CustomCategoryData.json in Resources */,
				9FB9A8002BFE171F00DAACBB /* Preview Assets.xcassets in Resources */,
				9FB9A7FD2BFE171F00DAACBB /* Assets.xcassets in Resources */,
			);
			runOnlyForDeploymentPostprocessing = 0;
		};
/* End PBXResourcesBuildPhase section */

/* Begin PBXSourcesBuildPhase section */
		9FB9A7F12BFE171D00DAACBB /* Sources */ = {
			isa = PBXSourcesBuildPhase;
			buildActionMask = 2147483647;
			files = (
				9F3590B02C104C6B0079DFEA /* SubscriptionEdit.swift in Sources */,
				9FDE9FD82C20E25C008AA5C6 /* DateExtension.swift in Sources */,
				9FB9A80C2BFE3B0300DAACBB /* Subscription.swift in Sources */,
				9F3D766C2C12B1BD003A5FF8 /* CustomCategoryList.swift in Sources */,
				9FB9A7FB2BFE171D00DAACBB /* SubscriptionPage.swift in Sources */,
				9F41864C2C16C06200C4E643 /* PaymentsEdit.swift in Sources */,
				9FB9A7F92BFE171D00DAACBB /* Subscription_Fee_ManagementApp.swift in Sources */,
				9F4186472C16ACE100C4E643 /* SettingsPage.swift in Sources */,
				9F42EE552BFF03350072A6E9 /* SubscriptionDetail.swift in Sources */,
				9F5E4A912C1C1E46002E3BD2 /* PersistenceController.swift in Sources */,
				9F3D766E2C12B1CF003A5FF8 /* PaymentList.swift in Sources */,
				9F4186492C16C04B00C4E643 /* CategoriesEdit.swift in Sources */,
				9FDE9FD42C1EAD1C008AA5C6 /* ExpenditurePage.swift in Sources */,
				9F4186422C16826300C4E643 /* MainTabView.swift in Sources */,
				9FB9A81D2BFE579800DAACBB /* BundleExtension.swift in Sources */,
				9FB9A80E2BFE3D6A00DAACBB /* CustomCategory.swift in Sources */,
				9F6D97052BFFA087004CFE30 /* SubscriptionAdd.swift in Sources */,
				9F5E4A972C1C2D28002E3BD2 /* SubscriptionDataModel.xcdatamodeld in Sources */,
				9F3D766A2C12B19F003A5FF8 /* SubscriptionList.swift in Sources */,
				9FB9A8102BFE3DB400DAACBB /* Payment.swift in Sources */,
			);
			runOnlyForDeploymentPostprocessing = 0;
		};
/* End PBXSourcesBuildPhase section */

/* Begin XCBuildConfiguration section */
		9FB9A8012BFE171F00DAACBB /* Debug */ = {
			isa = XCBuildConfiguration;
			buildSettings = {
				ALWAYS_SEARCH_USER_PATHS = NO;
				ASSETCATALOG_COMPILER_GENERATE_SWIFT_ASSET_SYMBOL_EXTENSIONS = YES;
				CLANG_ANALYZER_NONNULL = YES;
				CLANG_ANALYZER_NUMBER_OBJECT_CONVERSION = YES_AGGRESSIVE;
				CLANG_CXX_LANGUAGE_STANDARD = "gnu++20";
				CLANG_ENABLE_MODULES = YES;
				CLANG_ENABLE_OBJC_ARC = YES;
				CLANG_ENABLE_OBJC_WEAK = YES;
				CLANG_WARN_BLOCK_CAPTURE_AUTORELEASING = YES;
				CLANG_WARN_BOOL_CONVERSION = YES;
				CLANG_WARN_COMMA = YES;
				CLANG_WARN_CONSTANT_CONVERSION = YES;
				CLANG_WARN_DEPRECATED_OBJC_IMPLEMENTATIONS = YES;
				CLANG_WARN_DIRECT_OBJC_ISA_USAGE = YES_ERROR;
				CLANG_WARN_DOCUMENTATION_COMMENTS = YES;
				CLANG_WARN_EMPTY_BODY = YES;
				CLANG_WARN_ENUM_CONVERSION = YES;
				CLANG_WARN_INFINITE_RECURSION = YES;
				CLANG_WARN_INT_CONVERSION = YES;
				CLANG_WARN_NON_LITERAL_NULL_CONVERSION = YES;
				CLANG_WARN_OBJC_IMPLICIT_RETAIN_SELF = YES;
				CLANG_WARN_OBJC_LITERAL_CONVERSION = YES;
				CLANG_WARN_OBJC_ROOT_CLASS = YES_ERROR;
				CLANG_WARN_QUOTED_INCLUDE_IN_FRAMEWORK_HEADER = YES;
				CLANG_WARN_RANGE_LOOP_ANALYSIS = YES;
				CLANG_WARN_STRICT_PROTOTYPES = YES;
				CLANG_WARN_SUSPICIOUS_MOVE = YES;
				CLANG_WARN_UNGUARDED_AVAILABILITY = YES_AGGRESSIVE;
				CLANG_WARN_UNREACHABLE_CODE = YES;
				CLANG_WARN__DUPLICATE_METHOD_MATCH = YES;
				COPY_PHASE_STRIP = NO;
				DEBUG_INFORMATION_FORMAT = dwarf;
				ENABLE_STRICT_OBJC_MSGSEND = YES;
				ENABLE_TESTABILITY = YES;
				ENABLE_USER_SCRIPT_SANDBOXING = YES;
				GCC_C_LANGUAGE_STANDARD = gnu17;
				GCC_DYNAMIC_NO_PIC = NO;
				GCC_NO_COMMON_BLOCKS = YES;
				GCC_OPTIMIZATION_LEVEL = 0;
				GCC_PREPROCESSOR_DEFINITIONS = (
					"DEBUG=1",
					"$(inherited)",
				);
				GCC_WARN_64_TO_32_BIT_CONVERSION = YES;
				GCC_WARN_ABOUT_RETURN_TYPE = YES_ERROR;
				GCC_WARN_UNDECLARED_SELECTOR = YES;
				GCC_WARN_UNINITIALIZED_AUTOS = YES_AGGRESSIVE;
				GCC_WARN_UNUSED_FUNCTION = YES;
				GCC_WARN_UNUSED_VARIABLE = YES;
				INFOPLIST_KEY_CFBundleDisplayName = "구독모아";
				IPHONEOS_DEPLOYMENT_TARGET = 17.4;
				LOCALIZATION_PREFERS_STRING_CATALOGS = YES;
				MTL_ENABLE_DEBUG_INFO = INCLUDE_SOURCE;
				MTL_FAST_MATH = YES;
				ONLY_ACTIVE_ARCH = YES;
				SDKROOT = iphoneos;
				SWIFT_ACTIVE_COMPILATION_CONDITIONS = "DEBUG $(inherited)";
				SWIFT_OPTIMIZATION_LEVEL = "-Onone";
			};
			name = Debug;
		};
		9FB9A8022BFE171F00DAACBB /* Release */ = {
			isa = XCBuildConfiguration;
			buildSettings = {
				ALWAYS_SEARCH_USER_PATHS = NO;
				ASSETCATALOG_COMPILER_GENERATE_SWIFT_ASSET_SYMBOL_EXTENSIONS = YES;
				CLANG_ANALYZER_NONNULL = YES;
				CLANG_ANALYZER_NUMBER_OBJECT_CONVERSION = YES_AGGRESSIVE;
				CLANG_CXX_LANGUAGE_STANDARD = "gnu++20";
				CLANG_ENABLE_MODULES = YES;
				CLANG_ENABLE_OBJC_ARC = YES;
				CLANG_ENABLE_OBJC_WEAK = YES;
				CLANG_WARN_BLOCK_CAPTURE_AUTORELEASING = YES;
				CLANG_WARN_BOOL_CONVERSION = YES;
				CLANG_WARN_COMMA = YES;
				CLANG_WARN_CONSTANT_CONVERSION = YES;
				CLANG_WARN_DEPRECATED_OBJC_IMPLEMENTATIONS = YES;
				CLANG_WARN_DIRECT_OBJC_ISA_USAGE = YES_ERROR;
				CLANG_WARN_DOCUMENTATION_COMMENTS = YES;
				CLANG_WARN_EMPTY_BODY = YES;
				CLANG_WARN_ENUM_CONVERSION = YES;
				CLANG_WARN_INFINITE_RECURSION = YES;
				CLANG_WARN_INT_CONVERSION = YES;
				CLANG_WARN_NON_LITERAL_NULL_CONVERSION = YES;
				CLANG_WARN_OBJC_IMPLICIT_RETAIN_SELF = YES;
				CLANG_WARN_OBJC_LITERAL_CONVERSION = YES;
				CLANG_WARN_OBJC_ROOT_CLASS = YES_ERROR;
				CLANG_WARN_QUOTED_INCLUDE_IN_FRAMEWORK_HEADER = YES;
				CLANG_WARN_RANGE_LOOP_ANALYSIS = YES;
				CLANG_WARN_STRICT_PROTOTYPES = YES;
				CLANG_WARN_SUSPICIOUS_MOVE = YES;
				CLANG_WARN_UNGUARDED_AVAILABILITY = YES_AGGRESSIVE;
				CLANG_WARN_UNREACHABLE_CODE = YES;
				CLANG_WARN__DUPLICATE_METHOD_MATCH = YES;
				COPY_PHASE_STRIP = NO;
				DEBUG_INFORMATION_FORMAT = "dwarf-with-dsym";
				ENABLE_NS_ASSERTIONS = NO;
				ENABLE_STRICT_OBJC_MSGSEND = YES;
				ENABLE_USER_SCRIPT_SANDBOXING = YES;
				GCC_C_LANGUAGE_STANDARD = gnu17;
				GCC_NO_COMMON_BLOCKS = YES;
				GCC_WARN_64_TO_32_BIT_CONVERSION = YES;
				GCC_WARN_ABOUT_RETURN_TYPE = YES_ERROR;
				GCC_WARN_UNDECLARED_SELECTOR = YES;
				GCC_WARN_UNINITIALIZED_AUTOS = YES_AGGRESSIVE;
				GCC_WARN_UNUSED_FUNCTION = YES;
				GCC_WARN_UNUSED_VARIABLE = YES;
				INFOPLIST_KEY_CFBundleDisplayName = "구독모아";
				IPHONEOS_DEPLOYMENT_TARGET = 17.4;
				LOCALIZATION_PREFERS_STRING_CATALOGS = YES;
				MTL_ENABLE_DEBUG_INFO = NO;
				MTL_FAST_MATH = YES;
				SDKROOT = iphoneos;
				SWIFT_COMPILATION_MODE = wholemodule;
				VALIDATE_PRODUCT = YES;
			};
			name = Release;
		};
		9FB9A8042BFE171F00DAACBB /* Debug */ = {
			isa = XCBuildConfiguration;
			buildSettings = {
				ASSETCATALOG_COMPILER_APPICON_NAME = AppIcon;
				ASSETCATALOG_COMPILER_GLOBAL_ACCENT_COLOR_NAME = AccentColor;
				CODE_SIGN_IDENTITY = "Apple Development";
				CODE_SIGN_STYLE = Automatic;
				CURRENT_PROJECT_VERSION = 1;
				DEVELOPMENT_ASSET_PATHS = "\"Subscription Fee Management/Preview Content\"";
				DEVELOPMENT_TEAM = 4953B76KSK;
				ENABLE_PREVIEWS = YES;
				GENERATE_INFOPLIST_FILE = YES;
				INFOPLIST_KEY_UIApplicationSceneManifest_Generation = YES;
				INFOPLIST_KEY_UIApplicationSupportsIndirectInputEvents = YES;
				INFOPLIST_KEY_UILaunchScreen_Generation = YES;
				INFOPLIST_KEY_UISupportedInterfaceOrientations_iPad = "UIInterfaceOrientationPortrait UIInterfaceOrientationPortraitUpsideDown UIInterfaceOrientationLandscapeLeft UIInterfaceOrientationLandscapeRight";
				INFOPLIST_KEY_UISupportedInterfaceOrientations_iPhone = "UIInterfaceOrientationPortrait UIInterfaceOrientationLandscapeLeft UIInterfaceOrientationLandscapeRight";
				LD_RUNPATH_SEARCH_PATHS = (
					"$(inherited)",
					"@executable_path/Frameworks",
				);
				MARKETING_VERSION = 1.0;
				PRODUCT_BUNDLE_IDENTIFIER = "kr.ac.knu.comp420.2019110472.Subscription-Fee-Management";
				PRODUCT_NAME = "$(TARGET_NAME)";
				PROVISIONING_PROFILE_SPECIFIER = "";
				SWIFT_EMIT_LOC_STRINGS = YES;
				SWIFT_VERSION = 5.0;
				TARGETED_DEVICE_FAMILY = "1,2";
			};
			name = Debug;
		};
		9FB9A8052BFE171F00DAACBB /* Release */ = {
			isa = XCBuildConfiguration;
			buildSettings = {
				ASSETCATALOG_COMPILER_APPICON_NAME = AppIcon;
				ASSETCATALOG_COMPILER_GLOBAL_ACCENT_COLOR_NAME = AccentColor;
				CODE_SIGN_IDENTITY = "Apple Development";
				CODE_SIGN_STYLE = Automatic;
				CURRENT_PROJECT_VERSION = 1;
				DEVELOPMENT_ASSET_PATHS = "\"Subscription Fee Management/Preview Content\"";
				DEVELOPMENT_TEAM = 4953B76KSK;
				ENABLE_PREVIEWS = YES;
				GENERATE_INFOPLIST_FILE = YES;
				INFOPLIST_KEY_UIApplicationSceneManifest_Generation = YES;
				INFOPLIST_KEY_UIApplicationSupportsIndirectInputEvents = YES;
				INFOPLIST_KEY_UILaunchScreen_Generation = YES;
				INFOPLIST_KEY_UISupportedInterfaceOrientations_iPad = "UIInterfaceOrientationPortrait UIInterfaceOrientationPortraitUpsideDown UIInterfaceOrientationLandscapeLeft UIInterfaceOrientationLandscapeRight";
				INFOPLIST_KEY_UISupportedInterfaceOrientations_iPhone = "UIInterfaceOrientationPortrait UIInterfaceOrientationLandscapeLeft UIInterfaceOrientationLandscapeRight";
				LD_RUNPATH_SEARCH_PATHS = (
					"$(inherited)",
					"@executable_path/Frameworks",
				);
				MARKETING_VERSION = 1.0;
				PRODUCT_BUNDLE_IDENTIFIER = "kr.ac.knu.comp420.2019110472.Subscription-Fee-Management";
				PRODUCT_NAME = "$(TARGET_NAME)";
				PROVISIONING_PROFILE_SPECIFIER = "";
				SWIFT_EMIT_LOC_STRINGS = YES;
				SWIFT_VERSION = 5.0;
				TARGETED_DEVICE_FAMILY = "1,2";
			};
			name = Release;
		};
/* End XCBuildConfiguration section */

/* Begin XCConfigurationList section */
		9FB9A7F02BFE171D00DAACBB /* Build configuration list for PBXProject "Subscription Fee Management" */ = {
			isa = XCConfigurationList;
			buildConfigurations = (
				9FB9A8012BFE171F00DAACBB /* Debug */,
				9FB9A8022BFE171F00DAACBB /* Release */,
			);
			defaultConfigurationIsVisible = 0;
			defaultConfigurationName = Release;
		};
		9FB9A8032BFE171F00DAACBB /* Build configuration list for PBXNativeTarget "Subscription Fee Management" */ = {
			isa = XCConfigurationList;
			buildConfigurations = (
				9FB9A8042BFE171F00DAACBB /* Debug */,
				9FB9A8052BFE171F00DAACBB /* Release */,
			);
			defaultConfigurationIsVisible = 0;
			defaultConfigurationName = Release;
		};
/* End XCConfigurationList section */

/* Begin XCVersionGroup section */
		9F5E4A952C1C2D28002E3BD2 /* SubscriptionDataModel.xcdatamodeld */ = {
			isa = XCVersionGroup;
			children = (
				9F5E4A962C1C2D28002E3BD2 /* SubscriptionDataModel.xcdatamodel */,
			);
			currentVersion = 9F5E4A962C1C2D28002E3BD2 /* SubscriptionDataModel.xcdatamodel */;
			name = SubscriptionDataModel.xcdatamodeld;
			path = "/Users/st0p/Developer/MobileAppPrograming2/MAP2_Project/Subscription Fee Management/Subscription Fee Management/Resources/SubscriptionDataModel.xcdatamodeld";
			sourceTree = "<group>";
			versionGroupType = wrapper.xcdatamodel;
		};
/* End XCVersionGroup section */
	};
	rootObject = 9FB9A7ED2BFE171D00DAACBB /* Project object */;
}
